
Microsoft Visual Studio Solution File, Format Version 12.00
# Visual Studio Version 16
VisualStudioVersion = 16.0.30114.105
MinimumVisualStudioVersion = 10.0.40219.1
Project("{FAE04EC0-301F-11D3-BF4B-00C04F79EFBC}") = "HelloWorld.UWP", "HelloWorld\HelloWorld.UWP\HelloWorld.UWP.csproj", "{CD2815FB-16FC-49EA-983A-BE77E9D3B2FE}"
EndProject
Project("{FAE04EC0-301F-11D3-BF4B-00C04F79EFBC}") = "HelloWorld.Android", "HelloWorld\HelloWorld.Android\HelloWorld.Android.csproj", "{EF0A9387-080F-4C7E-A959-DAE980C5B402}"
EndProject
Project("{FAE04EC0-301F-11D3-BF4B-00C04F79EFBC}") = "HelloWorld.iOS", "HelloWorld\HelloWorld.iOS\HelloWorld.iOS.csproj", "{C775CEE3-A8E6-4B69-9117-39BEEBB302C5}"
EndProject
Project("{FAE04EC0-301F-11D3-BF4B-00C04F79EFBC}") = "HelloWorld", "HelloWorld\HelloWorld\HelloWorld.csproj", "{26B059D7-C6D2-4071-B64C-D11D875B8CB2}"
EndProject
Global
	GlobalSection(SolutionConfigurationPlatforms) = preSolution
		Debug|Any CPU = Debug|Any CPU
		Debug|ARM = Debug|ARM
		Debug|iPhone = Debug|iPhone
		Debug|iPhoneSimulator = Debug|iPhoneSimulator
		Debug|x64 = Debug|x64
		Debug|x86 = Debug|x86
		Release|Any CPU = Release|Any CPU
		Release|ARM = Release|ARM
		Release|iPhone = Release|iPhone
		Release|iPhoneSimulator = Release|iPhoneSimulator
		Release|x64 = Release|x64
		Release|x86 = Release|x86
	EndGlobalSection
	GlobalSection(ProjectConfigurationPlatforms) = postSolution
		{CD2815FB-16FC-49EA-983A-BE77E9D3B2FE}.Debug|Any CPU.ActiveCfg = Debug|x86
		{CD2815FB-16FC-49EA-983A-BE77E9D3B2FE}.Debug|Any CPU.Build.0 = Debug|x86
		{CD2815FB-16FC-49EA-983A-BE77E9D3B2FE}.Debug|Any CPU.Deploy.0 = Debug|x86
		{CD2815FB-16FC-49EA-983A-BE77E9D3B2FE}.Debug|ARM.ActiveCfg = Debug|ARM
		{CD2815FB-16FC-49EA-983A-BE77E9D3B2FE}.Debug|ARM.Build.0 = Debug|ARM
		{CD2815FB-16FC-49EA-983A-BE77E9D3B2FE}.Debug|ARM.Deploy.0 = Debug|ARM
		{CD2815FB-16FC-49EA-983A-BE77E9D3B2FE}.Debug|iPhone.ActiveCfg = Debug|x86
		{CD2815FB-16FC-49EA-983A-BE77E9D3B2FE}.Debug|iPhone.Build.0 = Debug|x86
		{CD2815FB-16FC-49EA-983A-BE77E9D3B2FE}.Debug|iPhone.Deploy.0 = Debug|x86
		{CD2815FB-16FC-49EA-983A-BE77E9D3B2FE}.Debug|iPhoneSimulator.ActiveCfg = Debug|x86
		{CD2815FB-16FC-49EA-983A-BE77E9D3B2FE}.Debug|iPhoneSimulator.Build.0 = Debug|x86
		{CD2815FB-16FC-49EA-983A-BE77E9D3B2FE}.Debug|iPhoneSimulator.Deploy.0 = Debug|x86
		{CD2815FB-16FC-49EA-983A-BE77E9D3B2FE}.Debug|x64.ActiveCfg = Debug|x64
		{CD2815FB-16FC-49EA-983A-BE77E9D3B2FE}.Debug|x64.Build.0 = Debug|x64
		{CD2815FB-16FC-49EA-983A-BE77E9D3B2FE}.Debug|x64.Deploy.0 = Debug|x64
		{CD2815FB-16FC-49EA-983A-BE77E9D3B2FE}.Debug|x86.ActiveCfg = Debug|x86
		{CD2815FB-16FC-49EA-983A-BE77E9D3B2FE}.Debug|x86.Build.0 = Debug|x86
		{CD2815FB-16FC-49EA-983A-BE77E9D3B2FE}.Debug|x86.Deploy.0 = Debug|x86
		{CD2815FB-16FC-49EA-983A-BE77E9D3B2FE}.Release|Any CPU.ActiveCfg = Release|x86
		{CD2815FB-16FC-49EA-983A-BE77E9D3B2FE}.Release|Any CPU.Build.0 = Release|x86
		{CD2815FB-16FC-49EA-983A-BE77E9D3B2FE}.Release|Any CPU.Deploy.0 = Release|x86
		{CD2815FB-16FC-49EA-983A-BE77E9D3B2FE}.Release|ARM.ActiveCfg = Release|ARM
		{CD2815FB-16FC-49EA-983A-BE77E9D3B2FE}.Release|ARM.Build.0 = Release|ARM
		{CD2815FB-16FC-49EA-983A-BE77E9D3B2FE}.Release|ARM.Deploy.0 = Release|ARM
		{CD2815FB-16FC-49EA-983A-BE77E9D3B2FE}.Release|iPhone.ActiveCfg = Release|x86
		{CD2815FB-16FC-49EA-983A-BE77E9D3B2FE}.Release|iPhone.Build.0 = Release|x86
		{CD2815FB-16FC-49EA-983A-BE77E9D3B2FE}.Release|iPhone.Deploy.0 = Release|x86
		{CD2815FB-16FC-49EA-983A-BE77E9D3B2FE}.Release|iPhoneSimulator.ActiveCfg = Release|x86
		{CD2815FB-16FC-49EA-983A-BE77E9D3B2FE}.Release|iPhoneSimulator.Build.0 = Release|x86
		{CD2815FB-16FC-49EA-983A-BE77E9D3B2FE}.Release|iPhoneSimulator.Deploy.0 = Release|x86
		{CD2815FB-16FC-49EA-983A-BE77E9D3B2FE}.Release|x64.ActiveCfg = Release|x64
		{CD2815FB-16FC-49EA-983A-BE77E9D3B2FE}.Release|x64.Build.0 = Release|x64
		{CD2815FB-16FC-49EA-983A-BE77E9D3B2FE}.Release|x64.Deploy.0 = Release|x64
		{CD2815FB-16FC-49EA-983A-BE77E9D3B2FE}.Release|x86.ActiveCfg = Release|x86
		{CD2815FB-16FC-49EA-983A-BE77E9D3B2FE}.Release|x86.Build.0 = Release|x86
		{CD2815FB-16FC-49EA-983A-BE77E9D3B2FE}.Release|x86.Deploy.0 = Release|x86
		{EF0A9387-080F-4C7E-A959-DAE980C5B402}.Debug|Any CPU.ActiveCfg = Debug|Any CPU
		{EF0A9387-080F-4C7E-A959-DAE980C5B402}.Debug|Any CPU.Build.0 = Debug|Any CPU
		{EF0A9387-080F-4C7E-A959-DAE980C5B402}.Debug|Any CPU.Deploy.0 = Debug|Any CPU
		{EF0A9387-080F-4C7E-A959-DAE980C5B402}.Debug|ARM.ActiveCfg = Debug|Any CPU
		{EF0A9387-080F-4C7E-A959-DAE980C5B402}.Debug|ARM.Build.0 = Debug|Any CPU
		{EF0A9387-080F-4C7E-A959-DAE980C5B402}.Debug|ARM.Deploy.0 = Debug|Any CPU
		{EF0A9387-080F-4C7E-A959-DAE980C5B402}.Debug|iPhone.ActiveCfg = Debug|Any CPU
		{EF0A9387-080F-4C7E-A959-DAE980C5B402}.Debug|iPhone.Build.0 = Debug|Any CPU
		{EF0A9387-080F-4C7E-A959-DAE980C5B402}.Debug|iPhone.Deploy.0 = Debug|Any CPU
		{EF0A9387-080F-4C7E-A959-DAE980C5B402}.Debug|iPhoneSimulator.ActiveCfg = Debug|Any CPU
		{EF0A9387-080F-4C7E-A959-DAE980C5B402}.Debug|iPhoneSimulator.Build.0 = Debug|Any CPU
		{EF0A9387-080F-4C7E-A959-DAE980C5B402}.Debug|iPhoneSimulator.Deploy.0 = Debug|Any CPU
		{EF0A9387-080F-4C7E-A959-DAE980C5B402}.Debug|x64.ActiveCfg = Debug|Any CPU
		{EF0A9387-080F-4C7E-A959-DAE980C5B402}.Debug|x64.Build.0 = Debug|Any CPU
		{EF0A9387-080F-4C7E-A959-DAE980C5B402}.Debug|x64.Deploy.0 = Debug|Any CPU
		{EF0A9387-080F-4C7E-A959-DAE980C5B402}.Debug|x86.ActiveCfg = Debug|Any CPU
		{EF0A9387-080F-4C7E-A959-DAE980C5B402}.Debug|x86.Build.0 = Debug|Any CPU
		{EF0A9387-080F-4C7E-A959-DAE980C5B402}.Debug|x86.Deploy.0 = Debug|Any CPU
		{EF0A9387-080F-4C7E-A959-DAE980C5B402}.Release|Any CPU.ActiveCfg = Release|Any CPU
		{EF0A9387-080F-4C7E-A959-DAE980C5B402}.Release|Any CPU.Build.0 = Release|Any CPU
		{EF0A9387-080F-4C7E-A959-DAE980C5B402}.Release|Any CPU.Deploy.0 = Release|Any CPU
		{EF0A9387-080F-4C7E-A959-DAE980C5B402}.Release|ARM.ActiveCfg = Release|Any CPU
		{EF0A9387-080F-4C7E-A959-DAE980C5B402}.Release|ARM.Build.0 = Release|Any CPU
		{EF0A9387-080F-4C7E-A959-DAE980C5B402}.Release|ARM.Deploy.0 = Release|Any CPU
		{EF0A9387-080F-4C7E-A959-DAE980C5B402}.Release|iPhone.ActiveCfg = Release|Any CPU
		{EF0A9387-080F-4C7E-A959-DAE980C5B402}.Release|iPhone.Build.0 = Release|Any CPU
		{EF0A9387-080F-4C7E-A959-DAE980C5B402}.Release|iPhone.Deploy.0 = Release|Any CPU
		{EF0A9387-080F-4C7E-A959-DAE980C5B402}.Release|iPhoneSimulator.ActiveCfg = Release|Any CPU
		{EF0A9387-080F-4C7E-A959-DAE980C5B402}.Release|iPhoneSimulator.Build.0 = Release|Any CPU
		{EF0A9387-080F-4C7E-A959-DAE980C5B402}.Release|iPhoneSimulator.Deploy.0 = Release|Any CPU
		{EF0A9387-080F-4C7E-A959-DAE980C5B402}.Release|x64.ActiveCfg = Release|Any CPU
		{EF0A9387-080F-4C7E-A959-DAE980C5B402}.Release|x64.Build.0 = Release|Any CPU
		{EF0A9387-080F-4C7E-A959-DAE980C5B402}.Release|x64.Deploy.0 = Release|Any CPU
		{EF0A9387-080F-4C7E-A959-DAE980C5B402}.Release|x86.ActiveCfg = Release|Any CPU
		{EF0A9387-080F-4C7E-A959-DAE980C5B402}.Release|x86.Build.0 = Release|Any CPU
		{EF0A9387-080F-4C7E-A959-DAE980C5B402}.Release|x86.Deploy.0 = Release|Any CPU
		{C775CEE3-A8E6-4B69-9117-39BEEBB302C5}.Debug|Any CPU.ActiveCfg = Debug|iPhone
		{C775CEE3-A8E6-4B69-9117-39BEEBB302C5}.Debug|Any CPU.Build.0 = Debug|iPhone
		{C775CEE3-A8E6-4B69-9117-39BEEBB302C5}.Debug|Any CPU.Deploy.0 = Debug|iPhone
		{C775CEE3-A8E6-4B69-9117-39BEEBB302C5}.Debug|ARM.ActiveCfg = Debug|iPhone
		{C775CEE3-A8E6-4B69-9117-39BEEBB302C5}.Debug|ARM.Build.0 = Debug|iPhone
		{C775CEE3-A8E6-4B69-9117-39BEEBB302C5}.Debug|ARM.Deploy.0 = Debug|iPhone
		{C775CEE3-A8E6-4B69-9117-39BEEBB302C5}.Debug|iPhone.ActiveCfg = Debug|iPhone
		{C775CEE3-A8E6-4B69-9117-39BEEBB302C5}.Debug|iPhone.Build.0 = Debug|iPhone
		{C775CEE3-A8E6-4B69-9117-39BEEBB302C5}.Debug|iPhone.Deploy.0 = Debug|iPhone
		{C775CEE3-A8E6-4B69-9117-39BEEBB302C5}.Debug|iPhoneSimulator.ActiveCfg = Debug|iPhoneSimulator
		{C775CEE3-A8E6-4B69-9117-39BEEBB302C5}.Debug|iPhoneSimulator.Build.0 = Debug|iPhoneSimulator
		{C775CEE3-A8E6-4B69-9117-39BEEBB302C5}.Debug|iPhoneSimulator.Deploy.0 = Debug|iPhoneSimulator
		{C775CEE3-A8E6-4B69-9117-39BEEBB302C5}.Debug|x64.ActiveCfg = Debug|iPhone
		{C775CEE3-A8E6-4B69-9117-39BEEBB302C5}.Debug|x64.Build.0 = Debug|iPhone
		{C775CEE3-A8E6-4B69-9117-39BEEBB302C5}.Debug|x64.Deploy.0 = Debug|iPhone
		{C775CEE3-A8E6-4B69-9117-39BEEBB302C5}.Debug|x86.ActiveCfg = Debug|iPhone
		{C775CEE3-A8E6-4B69-9117-39BEEBB302C5}.Debug|x86.Build.0 = Debug|iPhone
		{C775CEE3-A8E6-4B69-9117-39BEEBB302C5}.Debug|x86.Deploy.0 = Debug|iPhone
		{C775CEE3-A8E6-4B69-9117-39BEEBB302C5}.Release|Any CPU.ActiveCfg = Release|iPhone
		{C775CEE3-A8E6-4B69-9117-39BEEBB302C5}.Release|Any CPU.Build.0 = Release|iPhone
		{C775CEE3-A8E6-4B69-9117-39BEEBB302C5}.Release|Any CPU.Deploy.0 = Release|iPhone
		{C775CEE3-A8E6-4B69-9117-39BEEBB302C5}.Release|ARM.ActiveCfg = Release|iPhone
		{C775CEE3-A8E6-4B69-9117-39BEEBB302C5}.Release|ARM.Build.0 = Release|iPhone
		{C775CEE3-A8E6-4B69-9117-39BEEBB302C5}.Release|ARM.Deploy.0 = Release|iPhone
		{C775CEE3-A8E6-4B69-9117-39BEEBB302C5}.Release|iPhone.ActiveCfg = Release|iPhone
		{C775CEE3-A8E6-4B69-9117-39BEEBB302C5}.Release|iPhone.Build.0 = Release|iPhone
		{C775CEE3-A8E6-4B69-9117-39BEEBB302C5}.Release|iPhone.Deploy.0 = Release|iPhone
		{C775CEE3-A8E6-4B69-9117-39BEEBB302C5}.Release|iPhoneSimulator.ActiveCfg = Release|iPhoneSimulator
		{C775CEE3-A8E6-4B69-9117-39BEEBB302C5}.Release|iPhoneSimulator.Build.0 = Release|iPhoneSimulator
		{C775CEE3-A8E6-4B69-9117-39BEEBB302C5}.Release|iPhoneSimulator.Deploy.0 = Release|iPhoneSimulator
		{C775CEE3-A8E6-4B69-9117-39BEEBB302C5}.Release|x64.ActiveCfg = Release|iPhone
		{C775CEE3-A8E6-4B69-9117-39BEEBB302C5}.Release|x64.Build.0 = Release|iPhone
		{C775CEE3-A8E6-4B69-9117-39BEEBB302C5}.Release|x64.Deploy.0 = Release|iPhone
		{C775CEE3-A8E6-4B69-9117-39BEEBB302C5}.Release|x86.ActiveCfg = Release|iPhone
		{C775CEE3-A8E6-4B69-9117-39BEEBB302C5}.Release|x86.Build.0 = Release|iPhone
		{C775CEE3-A8E6-4B69-9117-39BEEBB302C5}.Release|x86.Deploy.0 = Release|iPhone
		{26B059D7-C6D2-4071-B64C-D11D875B8CB2}.Debug|Any CPU.ActiveCfg = Debug|Any CPU
		{26B059D7-C6D2-4071-B64C-D11D875B8CB2}.Debug|Any CPU.Build.0 = Debug|Any CPU
		{26B059D7-C6D2-4071-B64C-D11D875B8CB2}.Debug|Any CPU.Deploy.0 = Debug|Any CPU
		{26B059D7-C6D2-4071-B64C-D11D875B8CB2}.Debug|ARM.ActiveCfg = Debug|Any CPU
		{26B059D7-C6D2-4071-B64C-D11D875B8CB2}.Debug|ARM.Build.0 = Debug|Any CPU
		{26B059D7-C6D2-4071-B64C-D11D875B8CB2}.Debug|ARM.Deploy.0 = Debug|Any CPU
		{26B059D7-C6D2-4071-B64C-D11D875B8CB2}.Debug|iPhone.ActiveCfg = Debug|Any CPU
		{26B059D7-C6D2-4071-B64C-D11D875B8CB2}.Debug|iPhone.Build.0 = Debug|Any CPU
		{26B059D7-C6D2-4071-B64C-D11D875B8CB2}.Debug|iPhone.Deploy.0 = Debug|Any CPU
		{26B059D7-C6D2-4071-B64C-D11D875B8CB2}.Debug|iPhoneSimulator.ActiveCfg = Debug|Any CPU
		{26B059D7-C6D2-4071-B64C-D11D875B8CB2}.Debug|iPhoneSimulator.Build.0 = Debug|Any CPU
		{26B059D7-C6D2-4071-B64C-D11D875B8CB2}.Debug|iPhoneSimulator.Deploy.0 = Debug|Any CPU
		{26B059D7-C6D2-4071-B64C-D11D875B8CB2}.Debug|x64.ActiveCfg = Debug|Any CPU
		{26B059D7-C6D2-4071-B64C-D11D875B8CB2}.Debug|x64.Build.0 = Debug|Any CPU
		{26B059D7-C6D2-4071-B64C-D11D875B8CB2}.Debug|x64.Deploy.0 = Debug|Any CPU
		{26B059D7-C6D2-4071-B64C-D11D875B8CB2}.Debug|x86.ActiveCfg = Debug|Any CPU
		{26B059D7-C6D2-4071-B64C-D11D875B8CB2}.Debug|x86.Build.0 = Debug|Any CPU
		{26B059D7-C6D2-4071-B64C-D11D875B8CB2}.Debug|x86.Deploy.0 = Debug|Any CPU
		{26B059D7-C6D2-4071-B64C-D11D875B8CB2}.Release|Any CPU.ActiveCfg = Release|Any CPU
		{26B059D7-C6D2-4071-B64C-D11D875B8CB2}.Release|Any CPU.Build.0 = Release|Any CPU
		{26B059D7-C6D2-4071-B64C-D11D875B8CB2}.Release|Any CPU.Deploy.0 = Release|Any CPU
		{26B059D7-C6D2-4071-B64C-D11D875B8CB2}.Release|ARM.ActiveCfg = Release|Any CPU
		{26B059D7-C6D2-4071-B64C-D11D875B8CB2}.Release|ARM.Build.0 = Release|Any CPU
		{26B059D7-C6D2-4071-B64C-D11D875B8CB2}.Release|ARM.Deploy.0 = Release|Any CPU
		{26B059D7-C6D2-4071-B64C-D11D875B8CB2}.Release|iPhone.ActiveCfg = Release|Any CPU
		{26B059D7-C6D2-4071-B64C-D11D875B8CB2}.Release|iPhone.Build.0 = Release|Any CPU
		{26B059D7-C6D2-4071-B64C-D11D875B8CB2}.Release|iPhone.Deploy.0 = Release|Any CPU
		{26B059D7-C6D2-4071-B64C-D11D875B8CB2}.Release|iPhoneSimulator.ActiveCfg = Release|Any CPU
		{26B059D7-C6D2-4071-B64C-D11D875B8CB2}.Release|iPhoneSimulator.Build.0 = Release|Any CPU
		{26B059D7-C6D2-4071-B64C-D11D875B8CB2}.Release|iPhoneSimulator.Deploy.0 = Release|Any CPU
		{26B059D7-C6D2-4071-B64C-D11D875B8CB2}.Release|x64.ActiveCfg = Release|Any CPU
		{26B059D7-C6D2-4071-B64C-D11D875B8CB2}.Release|x64.Build.0 = Release|Any CPU
		{26B059D7-C6D2-4071-B64C-D11D875B8CB2}.Release|x64.Deploy.0 = Release|Any CPU
		{26B059D7-C6D2-4071-B64C-D11D875B8CB2}.Release|x86.ActiveCfg = Release|Any CPU
		{26B059D7-C6D2-4071-B64C-D11D875B8CB2}.Release|x86.Build.0 = Release|Any CPU
		{26B059D7-C6D2-4071-B64C-D11D875B8CB2}.Release|x86.Deploy.0 = Release|Any CPU
	EndGlobalSection
	GlobalSection(SolutionProperties) = preSolution
		HideSolutionNode = FALSE
	EndGlobalSection
	GlobalSection(ExtensibilityGlobals) = postSolution
		SolutionGuid = {793EB4CC-4B31-4A7E-9079-C8BBCD2CEAFA}
	EndGlobalSection
EndGlobal
